
Microsoft Visual Studio Solution File, Format Version 11.00
# Visual Studio 2010
Project("{8BC9CEB8-8B4A-11D0-8D11-00A0C91BC942}") = "TDebug", "TDebug.vcxproj", "{FCF03E64-D57F-C0B3-BA38-AE9D8B0E6C73}"
EndProject
Global
	GlobalSection(SolutionConfigurationPlatforms) = preSolution
		Debug|Win32 = Debug|Win32
		Release|Win32 = Release|Win32
	EndGlobalSection
	GlobalSection(ProjectConfigurationPlatforms) = postSolution
		{FCF03E64-D57F-C0B3-BA38-AE9D8B0E6C73}.Debug|Win32.ActiveCfg = Debug|Win32
		{FCF03E64-D57F-C0B3-BA38-AE9D8B0E6C73}.Debug|Win32.Build.0 = Debug|Win32
		{FCF03E64-D57F-C0B3-BA38-AE9D8B0E6C73}.Release|Win32.ActiveCfg = Release|Win32
		{FCF03E64-D57F-C0B3-BA38-AE9D8B0E6C73}.Release|Win32.Build.0 = Release|Win32
	EndGlobalSection
	GlobalSection(SolutionProperties) = preSolution
		HideSolutionNode = FALSE
	EndGlobalSection
EndGlobal
